Microsoft Visual Studio Solution File, Format Version 12.00
# Visual Studio Version 17
VisualStudioVersion = 17.5.2.0
MinimumVisualStudioVersion = 10.0.40219.1
Project("{FAE04EC0-301F-11D3-BF4B-00C04F79EFBC}") = "diagonal_negativas", "diagonal_negativas\diagonal_negativas.csproj", "{89583B92-46CE-D325-D1D3-7782AEE204D0}"
EndProject
Global
	GlobalSection(SolutionConfigurationPlatforms) = preSolution
		Debug|Any CPU = Debug|Any CPU
		Release|Any CPU = Release|Any CPU
	EndGlobalSection
	GlobalSection(ProjectConfigurationPlatforms) = postSolution
		{89583B92-46CE-D325-D1D3-7782AEE204D0}.Debug|Any CPU.ActiveCfg = Debug|Any CPU
		{89583B92-46CE-D325-D1D3-7782AEE204D0}.Debug|Any CPU.Build.0 = Debug|Any CPU
		{89583B92-46CE-D325-D1D3-7782AEE204D0}.Release|Any CPU.ActiveCfg = Release|Any CPU
		{89583B92-46CE-D325-D1D3-7782AEE204D0}.Release|Any CPU.Build.0 = Release|Any CPU
	EndGlobalSection
	GlobalSection(SolutionProperties) = preSolution
		HideSolutionNode = FALSE
	EndGlobalSection
	GlobalSection(ExtensibilityGlobals) = postSolution
		SolutionGuid = {CF1C198C-5ECF-479D-86D8-1AB0608209CF}
	EndGlobalSection
EndGlobal
